// !$*UTF8*$!
{
	archiveVersion = 1;
	classes = {
	};
	objectVersion = 46;
	objects = {

/* Begin PBXBuildFile section */
		363F9A541D2BA662003BAE90 /* AppDelegate.swift in Sources */ = {isa = PBXBuildFile; fileRef = 363F9A531D2BA662003BAE90 /* AppDelegate.swift */; };
		363F9A561D2BA662003BAE90 /* ViewController.swift in Sources */ = {isa = PBXBuildFile; fileRef = 363F9A551D2BA662003BAE90 /* ViewController.swift */; };
		363F9A591D2BA662003BAE90 /* Main.storyboard in Resources */ = {isa = PBXBuildFile; fileRef = 363F9A571D2BA662003BAE90 /* Main.storyboard */; };
		363F9A5B1D2BA662003BAE90 /* Assets.xcassets in Resources */ = {isa = PBXBuildFile; fileRef = 363F9A5A1D2BA662003BAE90 /* Assets.xcassets */; };
		363F9A5E1D2BA662003BAE90 /* LaunchScreen.storyboard in Resources */ = {isa = PBXBuildFile; fileRef = 363F9A5C1D2BA662003BAE90 /* LaunchScreen.storyboard */; };
		363F9A661D2BA699003BAE90 /* HDImagePicker.swift in Sources */ = {isa = PBXBuildFile; fileRef = 363F9A651D2BA699003BAE90 /* HDImagePicker.swift */; };
/* End PBXBuildFile section */

/* Begin PBXFileReference section */
		363F9A501D2BA662003BAE90 /* HDImagePicker.app */ = {isa = PBXFileReference; explicitFileType = wrapper.application; includeInIndex = 0; path = HDImagePicker.app; sourceTree = BUILT_PRODUCTS_DIR; };
		363F9A531D2BA662003BAE90 /* AppDelegate.swift */ = {isa = PBXFileReference; lastKnownFileType = sourcecode.swift; path = AppDelegate.swift; sourceTree = "<group>"; };
		363F9A551D2BA662003BAE90 /* ViewController.swift */ = {isa = PBXFileReference; lastKnownFileType = sourcecode.swift; path = ViewController.swift; sourceTree = "<group>"; };
		363F9A581D2BA662003BAE90 /* Base */ = {isa = PBXFileReference; lastKnownFileType = file.storyboard; name = Base; path = Base.lproj/Main.storyboard; sourceTree = "<group>"; };
		363F9A5A1D2BA662003BAE90 /* Assets.xcassets */ = {isa = PBXFileReference; lastKnownFileType = folder.assetcatalog; path = Assets.xcassets; sourceTree = "<group>"; };
		363F9A5D1D2BA662003BAE90 /* Base */ = {isa = PBXFileReference; lastKnownFileType = file.storyboard; name = Base; path = Base.lproj/LaunchScreen.storyboard; sourceTree = "<group>"; };
		363F9A5F1D2BA662003BAE90 /* Info.plist */ = {isa = PBXFileReference; lastKnownFileType = text.plist.xml; path = Info.plist; sourceTree = "<group>"; };
		363F9A651D2BA699003BAE90 /* HDImagePicker.swift */ = {isa = PBXFileReference; fileEncoding = 4; lastKnownFileType = sourcecode.swift; path = HDImagePicker.swift; sourceTree = "<group>"; };
/* End PBXFileReference section */

/* Begin PBXFrameworksBuildPhase section */
		363F9A4D1D2BA662003BAE90 /* Frameworks */ = {
			isa = PBXFrameworksBuildPhase;
			buildActionMask = 2147483647;
			files = (
			);
			runOnlyForDeploymentPostprocessing = 0;
		};
/* End PBXFrameworksBuildPhase section */

/* Begin PBXGroup section */
		363F9A471D2BA662003BAE90 = {
			isa = PBXGroup;
			children = (
				363F9A521D2BA662003BAE90 /* HDImagePicker */,
				363F9A511D2BA662003BAE90 /* Products */,
			);
			sourceTree = "<group>";
		};
		363F9A511D2BA662003BAE90 /* Products */ = {
			isa = PBXGroup;
			children = (
				363F9A501D2BA662003BAE90 /* HDImagePicker.app */,
			);
			name = Products;
			sourceTree = "<group>";
		};
		363F9A521D2BA662003BAE90 /* HDImagePicker */ = {
			isa = PBXGroup;
			children = (
				363F9A651D2BA699003BAE90 /* HDImagePicker.swift */,
				363F9A531D2BA662003BAE90 /* AppDelegate.swift */,
				363F9A551D2BA662003BAE90 /* ViewController.swift */,
				363F9A571D2BA662003BAE90 /* Main.storyboard */,
				363F9A5A1D2BA662003BAE90 /* Assets.xcassets */,
				363F9A5C1D2BA662003BAE90 /* LaunchScreen.storyboard */,
				363F9A5F1D2BA662003BAE90 /* Info.plist */,
			);
			path = HDImagePicker;
			sourceTree = "<group>";
		};
/* End PBXGroup section */

/* Begin PBXNativeTarget section */
		363F9A4F1D2BA662003BAE90 /* HDImagePicker */ = {
			isa = PBXNativeTarget;
			buildConfigurationList = 363F9A621D2BA662003BAE90 /* Build configuration list for PBXNativeTarget "HDImagePicker" */;
			buildPhases = (
				363F9A4C1D2BA662003BAE90 /* Sources */,
				363F9A4D1D2BA662003BAE90 /* Frameworks */,
				363F9A4E1D2BA662003BAE90 /* Resources */,
			);
			buildRules = (
			);
			dependencies = (
			);
			name = HDImagePicker;
			productName = HDImagePicker;
			productReference = 363F9A501D2BA662003BAE90 /* HDImagePicker.app */;
			productType = "com.apple.product-type.application";
		};
/* End PBXNativeTarget section */

/* Begin PBXProject section */
		363F9A481D2BA662003BAE90 /* Project object */ = {
			isa = PBXProject;
			attributes = {
				LastSwiftUpdateCheck = 0730;
				LastUpgradeCheck = 0730;
				ORGANIZATIONNAME = 1Action;
				TargetAttributes = {
					363F9A4F1D2BA662003BAE90 = {
						CreatedOnToolsVersion = 7.3.1;
					};
				};
			};
			buildConfigurationList = 363F9A4B1D2BA662003BAE90 /* Build configuration list for PBXProject "HDImagePicker" */;
			compatibilityVersion = "Xcode 3.2";
			developmentRegion = English;
			hasScannedForEncodings = 0;
			knownRegions = (
				en,
				Base,
			);
			mainGroup = 363F9A471D2BA662003BAE90;
			productRefGroup = 363F9A511D2BA662003BAE90 /* Products */;
			projectDirPath = "";
			projectRoot = "";
			targets = (
				363F9A4F1D2BA662003BAE90 /* HDImagePicker */,
			);
		};
/* End PBXProject section */

/* Begin PBXResourcesBuildPhase section */
		363F9A4E1D2BA662003BAE90 /* Resources */ = {
			isa = PBXResourcesBuildPhase;
			buildActionMask = 2147483647;
			files = (
				363F9A5E1D2BA662003BAE90 /* LaunchScreen.storyboard in Resources */,
				363F9A5B1D2BA662003BAE90 /* Assets.xcassets in Resources */,
				363F9A591D2BA662003BAE90 /* Main.storyboard in Resources */,
			);
			runOnlyForDeploymentPostprocessing = 0;
		};
/* End PBXResourcesBuildPhase section */

/* Begin PBXSourcesBuildPhase section */
		363F9A4C1D2BA662003BAE90 /* Sources */ = {
			isa = PBXSourcesBuildPhase;
			buildActionMask = 2147483647;
			files = (
				363F9A561D2BA662003BAE90 /* ViewController.swift in Sources */,
				363F9A661D2BA699003BAE90 /* HDImagePicker.swift in Sources */,
				363F9A541D2BA662003BAE90 /* AppDelegate.swift in Sources */,
			);
			runOnlyForDeploymentPostprocessing = 0;
		};
/* End PBXSourcesBuildPhase section */

/* Begin PBXVariantGroup section */
		363F9A571D2BA662003BAE90 /* Main.storyboard */ = {
			isa = PBXVariantGroup;
			children = (
				363F9A581D2BA662003BAE90 /* Base */,
			);
			name = Main.storyboard;
			sourceTree = "<group>";
		};
		363F9A5C1D2BA662003BAE90 /* LaunchScreen.storyboard */ = {
			isa = PBXVariantGroup;
			children = (
				363F9A5D1D2BA662003BAE90 /* Base */,
			);
			name = LaunchScreen.storyboard;
			sourceTree = "<group>";
		};
/* End PBXVariantGroup section */

/* Begin XCBuildConfiguration section */
		363F9A601D2BA662003BAE90 /* Debug */ = {
			isa = XCBuildConfiguration;
			buildSettings = {
				ALWAYS_SEARCH_USER_PATHS = NO;
				CLANG_ANALYZER_NONNULL = YES;
				CLANG_CXX_LANGUAGE_STANDARD = "gnu++0x";
				CLANG_CXX_LIBRARY = "libc++";
				CLANG_ENABLE_MODULES = YES;
				CLANG_ENABLE_OBJC_ARC = YES;
				CLANG_WARN_BOOL_CONVERSION = YES;
				CLANG_WARN_CONSTANT_CONVERSION = YES;
				CLANG_WARN_DIRECT_OBJC_ISA_USAGE = YES_ERROR;
				CLANG_WARN_EMPTY_BODY = YES;
				CLANG_WARN_ENUM_CONVERSION = YES;
				CLANG_WARN_INT_CONVERSION = YES;
				CLANG_WARN_OBJC_ROOT_CLASS = YES_ERROR;
				CLANG_WARN_UNREACHABLE_CODE = YES;
				CLANG_WARN__DUPLICATE_METHOD_MATCH = YES;
				"CODE_SIGN_IDENTITY[sdk=iphoneos*]" = "iPhone Developer";
				COPY_PHASE_STRIP = NO;
				DEBUG_INFORMATION_FORMAT = dwarf;
				ENABLE_STRICT_OBJC_MSGSEND = YES;
				ENABLE_TESTABILITY = YES;
				GCC_C_LANGUAGE_STANDARD = gnu99;
				GCC_DYNAMIC_NO_PIC = NO;
				GCC_NO_COMMON_BLOCKS = YES;
				GCC_OPTIMIZATION_LEVEL = 0;
				GCC_PREPROCESSOR_DEFINITIONS = (
					"DEBUG=1",
					"$(inherited)",
				);
				GCC_WARN_64_TO_32_BIT_CONVERSION = YES;
				GCC_WARN_ABOUT_RETURN_TYPE = YES_ERROR;
				GCC_WARN_UNDECLARED_SELECTOR = YES;
				GCC_WARN_UNINITIALIZED_AUTOS = YES_AGGRESSIVE;
				GCC_WARN_UNUSED_FUNCTION = YES;
				GCC_WARN_UNUSED_VARIABLE = YES;
				IPHONEOS_DEPLOYMENT_TARGET = 9.3;
				MTL_ENABLE_DEBUG_INFO = YES;
				ONLY_ACTIVE_ARCH = YES;
				SDKROOT = iphoneos;
				SWIFT_OPTIMIZATION_LEVEL = "-Onone";
				TARGETED_DEVICE_FAMILY = "1,2";
			};
			name = Debug;
		};
		363F9A611D2BA662003BAE90 /* Release */ = {
			isa = XCBuildConfiguration;
			buildSettings = {
				ALWAYS_SEARCH_USER_PATHS = NO;
				CLANG_ANALYZER_NONNULL = YES;
				CLANG_CXX_LANGUAGE_STANDARD = "gnu++0x";
				CLANG_CXX_LIBRARY = "libc++";
				CLANG_ENABLE_MODULES = YES;
				CLANG_ENABLE_OBJC_ARC = YES;
				CLANG_WARN_BOOL_CONVERSION = YES;
				CLANG_WARN_CONSTANT_CONVERSION = YES;
				CLANG_WARN_DIRECT_OBJC_ISA_USAGE = YES_ERROR;
				CLANG_WARN_EMPTY_BODY = YES;
				CLANG_WARN_ENUM_CONVERSION = YES;
				CLANG_WARN_INT_CONVERSION = YES;
				CLANG_WARN_OBJC_ROOT_CLASS = YES_ERROR;
				CLANG_WARN_UNREACHABLE_CODE = YES;
				CLANG_WARN__DUPLICATE_METHOD_MATCH = YES;
				"CODE_SIGN_IDENTITY[sdk=iphoneos*]" = "iPhone Developer";
				COPY_PHASE_STRIP = NO;
				DEBUG_INFORMATION_FORMAT = "dwarf-with-dsym";
				ENABLE_NS_ASSERTIONS = NO;
				ENABLE_STRICT_OBJC_MSGSEND = YES;
				GCC_C_LANGUAGE_STANDARD = gnu99;
				GCC_NO_COMMON_BLOCKS = YES;
				GCC_WARN_64_TO_32_BIT_CONVERSION = YES;
				GCC_WARN_ABOUT_RETURN_TYPE = YES_ERROR;
				GCC_WARN_UNDECLARED_SELECTOR = YES;
				GCC_WARN_UNINITIALIZED_AUTOS = YES_AGGRESSIVE;
				GCC_WARN_UNUSED_FUNCTION = YES;
				GCC_WARN_UNUSED_VARIABLE = YES;
				IPHONEOS_DEPLOYMENT_TARGET = 9.3;
				MTL_ENABLE_DEBUG_INFO = NO;
				SDKROOT = iphoneos;
				TARGETED_DEVICE_FAMILY = "1,2";
				VALIDATE_PRODUCT = YES;
			};
			name = Release;
		};
		363F9A631D2BA662003BAE90 /* Debug */ = {
			isa = XCBuildConfiguration;
			buildSettings = {
				ASSETCATALOG_COMPILER_APPICON_NAME = AppIcon;
				INFOPLIST_FILE = HDImagePicker/Info.plist;
				IPHONEOS_DEPLOYMENT_TARGET = 8.0;
				LD_RUNPATH_SEARCH_PATHS = "$(inherited) @executable_path/Frameworks";
				PRODUCT_BUNDLE_IDENTIFIER = Action.HDImagePicker;
				PRODUCT_NAME = "$(TARGET_NAME)";
			};
			name = Debug;
		};
		363F9A641D2BA662003BAE90 /* Release */ = {
			isa = XCBuildConfiguration;
			buildSettings = {
				ASSETCATALOG_COMPILER_APPICON_NAME = AppIcon;
				INFOPLIST_FILE = HDImagePicker/Info.plist;
				IPHONEOS_DEPLOYMENT_TARGET = 8.0;
				LD_RUNPATH_SEARCH_PATHS = "$(inherited) @executable_path/Frameworks";
				PRODUCT_BUNDLE_IDENTIFIER = Action.HDImagePicker;
				PRODUCT_NAME = "$(TARGET_NAME)";
			};
			name = Release;
		};
/* End XCBuildConfiguration section */

/* Begin XCConfigurationList section */
		363F9A4B1D2BA662003BAE90 /* Build configuration list for PBXProject "HDImagePicker" */ = {
			isa = XCConfigurationList;
			buildConfigurations = (
				363F9A601D2BA662003BAE90 /* Debug */,
				363F9A611D2BA662003BAE90 /* Release */,
			);
			defaultConfigurationIsVisible = 0;
			defaultConfigurationName = Release;
		};
		363F9A621D2BA662003BAE90 /* Build configuration list for PBXNativeTarget "HDImagePicker" */ = {
			isa = XCConfigurationList;
			buildConfigurations = (
				363F9A631D2BA662003BAE90 /* Debug */,
				363F9A641D2BA662003BAE90 /* Release */,
			);
			defaultConfigurationIsVisible = 0;
		};
/* End XCConfigurationList section */
	};
	rootObject = 363F9A481D2BA662003BAE90 /* Project object */;
}
